{
  "name": "build-your-own-websocket-server",
  "version": "1.0.0",
  "lockfileVersion": 1,
  "requires": true,
  "dependencies": {
    "@types/node": {
      "version": "11.11.4",
      "resolved": "http://10.6.11.31:4873/@types%2fnode/-/node-11.11.4.tgz",
      "integrity": "sha1-iAi9WoK79vXUEu/xwijReOfCS7M=",
      "dev": true
    }
  }
}
